
Microsoft Visual Studio Solution File, Format Version 12.00
# Visual Studio Version 16
VisualStudioVersion = 16.0.29418.71
MinimumVisualStudioVersion = 10.0.40219.1
Project("{9A19103F-16F7-4668-BE54-9A1E7A4F7556}") = "Grocery Stroe Online", "Grocery Stroe Online\Grocery Stroe Online.csproj", "{7D311699-2E3C-4CDA-850C-3B6BF76D7DF8}"
EndProject
Global
	GlobalSection(SolutionConfigurationPlatforms) = preSolution
		Debug|Any CPU = Debug|Any CPU
		Release|Any CPU = Release|Any CPU
	EndGlobalSection
	GlobalSection(ProjectConfigurationPlatforms) = postSolution
		{7D311699-2E3C-4CDA-850C-3B6BF76D7DF8}.Debug|Any CPU.ActiveCfg = Debug|Any CPU
		{7D311699-2E3C-4CDA-850C-3B6BF76D7DF8}.Debug|Any CPU.Build.0 = Debug|Any CPU
		{7D311699-2E3C-4CDA-850C-3B6BF76D7DF8}.Release|Any CPU.ActiveCfg = Release|Any CPU
		{7D311699-2E3C-4CDA-850C-3B6BF76D7DF8}.Release|Any CPU.Build.0 = Release|Any CPU
	EndGlobalSection
	GlobalSection(SolutionProperties) = preSolution
		HideSolutionNode = FALSE
	EndGlobalSection
	GlobalSection(ExtensibilityGlobals) = postSolution
		SolutionGuid = {C6A441F6-8776-453F-81D8-B3831940E1B5}
	EndGlobalSection
EndGlobal
